// !$*UTF8*$!
{
	archiveVersion = 1;
	classes = {
	};
	objectVersion = 56;
	objects = {

/* Begin PBXBuildFile section */
		250FE7AA2A02486900C689CB /* AFL3POSApp.swift in Sources */ = {isa = PBXBuildFile; fileRef = 250FE7A92A02486900C689CB /* AFL3POSApp.swift */; };
		250FE7AE2A02486A00C689CB /* Assets.xcassets in Resources */ = {isa = PBXBuildFile; fileRef = 250FE7AD2A02486A00C689CB /* Assets.xcassets */; };
		250FE7B12A02486A00C689CB /* Preview Assets.xcassets in Resources */ = {isa = PBXBuildFile; fileRef = 250FE7B02A02486A00C689CB /* Preview Assets.xcassets */; };
		250FE7B92A024AA700C689CB /* ShopInformation.swift in Sources */ = {isa = PBXBuildFile; fileRef = 250FE7B82A024AA700C689CB /* ShopInformation.swift */; };
		250FE7BE2A024DE700C689CB /* Home.swift in Sources */ = {isa = PBXBuildFile; fileRef = 250FE7BD2A024DE700C689CB /* Home.swift */; };
		250FE7C12A02502E00C689CB /* Shop.swift in Sources */ = {isa = PBXBuildFile; fileRef = 250FE7C02A02502E00C689CB /* Shop.swift */; };
		250FE7C32A0250AD00C689CB /* ShopCategory.swift in Sources */ = {isa = PBXBuildFile; fileRef = 250FE7C22A0250AD00C689CB /* ShopCategory.swift */; };
		250FE7C52A0257F200C689CB /* ShopCard.swift in Sources */ = {isa = PBXBuildFile; fileRef = 250FE7C42A0257F200C689CB /* ShopCard.swift */; };
		250FE7C72A026C3A00C689CB /* ContentView.swift in Sources */ = {isa = PBXBuildFile; fileRef = 250FE7C62A026C3A00C689CB /* ContentView.swift */; };
		250FE7CA2A02715600C689CB /* ShopInfo.swift in Sources */ = {isa = PBXBuildFile; fileRef = 250FE7C92A02715600C689CB /* ShopInfo.swift */; };
		250FE7CC2A027A9500C689CB /* Product.swift in Sources */ = {isa = PBXBuildFile; fileRef = 250FE7CB2A027A9500C689CB /* Product.swift */; };
		250FE7CE2A035A0900C689CB /* ProductCard.swift in Sources */ = {isa = PBXBuildFile; fileRef = 250FE7CD2A035A0900C689CB /* ProductCard.swift */; };
		250FE7D02A035FB800C689CB /* AddToCartSheet.swift in Sources */ = {isa = PBXBuildFile; fileRef = 250FE7CF2A035FB800C689CB /* AddToCartSheet.swift */; };
		250FE7D22A03927500C689CB /* Cart.swift in Sources */ = {isa = PBXBuildFile; fileRef = 250FE7D12A03927500C689CB /* Cart.swift */; };
		250FE7D52A03993900C689CB /* CartView.swift in Sources */ = {isa = PBXBuildFile; fileRef = 250FE7D42A03993900C689CB /* CartView.swift */; };
		250FE7D72A03A23600C689CB /* ShoppingCartList.swift in Sources */ = {isa = PBXBuildFile; fileRef = 250FE7D62A03A23600C689CB /* ShoppingCartList.swift */; };
/* End PBXBuildFile section */

/* Begin PBXFileReference section */
		250FE7A62A02486900C689CB /* AFL3POS.app */ = {isa = PBXFileReference; explicitFileType = wrapper.application; includeInIndex = 0; path = AFL3POS.app; sourceTree = BUILT_PRODUCTS_DIR; };
		250FE7A92A02486900C689CB /* AFL3POSApp.swift */ = {isa = PBXFileReference; lastKnownFileType = sourcecode.swift; path = AFL3POSApp.swift; sourceTree = "<group>"; };
		250FE7AD2A02486A00C689CB /* Assets.xcassets */ = {isa = PBXFileReference; lastKnownFileType = folder.assetcatalog; path = Assets.xcassets; sourceTree = "<group>"; };
		250FE7B02A02486A00C689CB /* Preview Assets.xcassets */ = {isa = PBXFileReference; lastKnownFileType = folder.assetcatalog; path = "Preview Assets.xcassets"; sourceTree = "<group>"; };
		250FE7B82A024AA700C689CB /* ShopInformation.swift */ = {isa = PBXFileReference; lastKnownFileType = sourcecode.swift; path = ShopInformation.swift; sourceTree = "<group>"; };
		250FE7BD2A024DE700C689CB /* Home.swift */ = {isa = PBXFileReference; lastKnownFileType = sourcecode.swift; path = Home.swift; sourceTree = "<group>"; };
		250FE7C02A02502E00C689CB /* Shop.swift */ = {isa = PBXFileReference; lastKnownFileType = sourcecode.swift; path = Shop.swift; sourceTree = "<group>"; };
		250FE7C22A0250AD00C689CB /* ShopCategory.swift */ = {isa = PBXFileReference; lastKnownFileType = sourcecode.swift; path = ShopCategory.swift; sourceTree = "<group>"; };
		250FE7C42A0257F200C689CB /* ShopCard.swift */ = {isa = PBXFileReference; lastKnownFileType = sourcecode.swift; path = ShopCard.swift; sourceTree = "<group>"; };
		250FE7C62A026C3A00C689CB /* ContentView.swift */ = {isa = PBXFileReference; lastKnownFileType = sourcecode.swift; path = ContentView.swift; sourceTree = "<group>"; };
		250FE7C92A02715600C689CB /* ShopInfo.swift */ = {isa = PBXFileReference; lastKnownFileType = sourcecode.swift; path = ShopInfo.swift; sourceTree = "<group>"; };
		250FE7CB2A027A9500C689CB /* Product.swift */ = {isa = PBXFileReference; lastKnownFileType = sourcecode.swift; path = Product.swift; sourceTree = "<group>"; };
		250FE7CD2A035A0900C689CB /* ProductCard.swift */ = {isa = PBXFileReference; lastKnownFileType = sourcecode.swift; path = ProductCard.swift; sourceTree = "<group>"; };
		250FE7CF2A035FB800C689CB /* AddToCartSheet.swift */ = {isa = PBXFileReference; lastKnownFileType = sourcecode.swift; path = AddToCartSheet.swift; sourceTree = "<group>"; };
		250FE7D12A03927500C689CB /* Cart.swift */ = {isa = PBXFileReference; lastKnownFileType = sourcecode.swift; path = Cart.swift; sourceTree = "<group>"; };
		250FE7D42A03993900C689CB /* CartView.swift */ = {isa = PBXFileReference; lastKnownFileType = sourcecode.swift; path = CartView.swift; sourceTree = "<group>"; };
		250FE7D62A03A23600C689CB /* ShoppingCartList.swift */ = {isa = PBXFileReference; lastKnownFileType = sourcecode.swift; path = ShoppingCartList.swift; sourceTree = "<group>"; };
/* End PBXFileReference section */

/* Begin PBXFrameworksBuildPhase section */
		250FE7A32A02486900C689CB /* Frameworks */ = {
			isa = PBXFrameworksBuildPhase;
			buildActionMask = 2147483647;
			files = (
			);
			runOnlyForDeploymentPostprocessing = 0;
		};
/* End PBXFrameworksBuildPhase section */

/* Begin PBXGroup section */
		250FE79D2A02486900C689CB = {
			isa = PBXGroup;
			children = (
				250FE7A82A02486900C689CB /* AFL3POS */,
				250FE7A72A02486900C689CB /* Products */,
			);
			sourceTree = "<group>";
		};
		250FE7A72A02486900C689CB /* Products */ = {
			isa = PBXGroup;
			children = (
				250FE7A62A02486900C689CB /* AFL3POS.app */,
			);
			name = Products;
			sourceTree = "<group>";
		};
		250FE7A82A02486900C689CB /* AFL3POS */ = {
			isa = PBXGroup;
			children = (
				250FE7BF2A02501F00C689CB /* Models */,
				250FE7B72A024A8E00C689CB /* Views */,
				250FE7A92A02486900C689CB /* AFL3POSApp.swift */,
				250FE7C62A026C3A00C689CB /* ContentView.swift */,
				250FE7AD2A02486A00C689CB /* Assets.xcassets */,
				250FE7AF2A02486A00C689CB /* Preview Content */,
			);
			path = AFL3POS;
			sourceTree = "<group>";
		};
		250FE7AF2A02486A00C689CB /* Preview Content */ = {
			isa = PBXGroup;
			children = (
				250FE7B02A02486A00C689CB /* Preview Assets.xcassets */,
			);
			path = "Preview Content";
			sourceTree = "<group>";
		};
		250FE7B72A024A8E00C689CB /* Views */ = {
			isa = PBXGroup;
			children = (
				250FE7D32A03991D00C689CB /* Cart */,
				250FE7C82A02714700C689CB /* ShopInfo */,
				250FE7BC2A024DDA00C689CB /* Home */,
				250FE7B82A024AA700C689CB /* ShopInformation.swift */,
			);
			path = Views;
			sourceTree = "<group>";
		};
		250FE7BC2A024DDA00C689CB /* Home */ = {
			isa = PBXGroup;
			children = (
				250FE7BD2A024DE700C689CB /* Home.swift */,
				250FE7C42A0257F200C689CB /* ShopCard.swift */,
			);
			path = Home;
			sourceTree = "<group>";
		};
		250FE7BF2A02501F00C689CB /* Models */ = {
			isa = PBXGroup;
			children = (
				250FE7C02A02502E00C689CB /* Shop.swift */,
				250FE7C22A0250AD00C689CB /* ShopCategory.swift */,
				250FE7CB2A027A9500C689CB /* Product.swift */,
				250FE7D12A03927500C689CB /* Cart.swift */,
			);
			path = Models;
			sourceTree = "<group>";
		};
		250FE7C82A02714700C689CB /* ShopInfo */ = {
			isa = PBXGroup;
			children = (
				250FE7C92A02715600C689CB /* ShopInfo.swift */,
				250FE7CD2A035A0900C689CB /* ProductCard.swift */,
				250FE7CF2A035FB800C689CB /* AddToCartSheet.swift */,
			);
			path = ShopInfo;
			sourceTree = "<group>";
		};
		250FE7D32A03991D00C689CB /* Cart */ = {
			isa = PBXGroup;
			children = (
				250FE7D42A03993900C689CB /* CartView.swift */,
				250FE7D62A03A23600C689CB /* ShoppingCartList.swift */,
			);
			path = Cart;
			sourceTree = "<group>";
		};
/* End PBXGroup section */

/* Begin PBXNativeTarget section */
		250FE7A52A02486900C689CB /* AFL3POS */ = {
			isa = PBXNativeTarget;
			buildConfigurationList = 250FE7B42A02486A00C689CB /* Build configuration list for PBXNativeTarget "AFL3POS" */;
			buildPhases = (
				250FE7A22A02486900C689CB /* Sources */,
				250FE7A32A02486900C689CB /* Frameworks */,
				250FE7A42A02486900C689CB /* Resources */,
			);
			buildRules = (
			);
			dependencies = (
			);
			name = AFL3POS;
			productName = AFL3POS;
			productReference = 250FE7A62A02486900C689CB /* AFL3POS.app */;
			productType = "com.apple.product-type.application";
		};
/* End PBXNativeTarget section */

/* Begin PBXProject section */
		250FE79E2A02486900C689CB /* Project object */ = {
			isa = PBXProject;
			attributes = {
				BuildIndependentTargetsInParallel = 1;
				LastSwiftUpdateCheck = 1430;
				LastUpgradeCheck = 1430;
				TargetAttributes = {
					250FE7A52A02486900C689CB = {
						CreatedOnToolsVersion = 14.3;
					};
				};
			};
			buildConfigurationList = 250FE7A12A02486900C689CB /* Build configuration list for PBXProject "AFL3POS" */;
			compatibilityVersion = "Xcode 14.0";
			developmentRegion = en;
			hasScannedForEncodings = 0;
			knownRegions = (
				en,
				Base,
			);
			mainGroup = 250FE79D2A02486900C689CB;
			productRefGroup = 250FE7A72A02486900C689CB /* Products */;
			projectDirPath = "";
			projectRoot = "";
			targets = (
				250FE7A52A02486900C689CB /* AFL3POS */,
			);
		};
/* End PBXProject section */

/* Begin PBXResourcesBuildPhase section */
		250FE7A42A02486900C689CB /* Resources */ = {
			isa = PBXResourcesBuildPhase;
			buildActionMask = 2147483647;
			files = (
				250FE7B12A02486A00C689CB /* Preview Assets.xcassets in Resources */,
				250FE7AE2A02486A00C689CB /* Assets.xcassets in Resources */,
			);
			runOnlyForDeploymentPostprocessing = 0;
		};
/* End PBXResourcesBuildPhase section */

/* Begin PBXSourcesBuildPhase section */
		250FE7A22A02486900C689CB /* Sources */ = {
			isa = PBXSourcesBuildPhase;
			buildActionMask = 2147483647;
			files = (
				250FE7D02A035FB800C689CB /* AddToCartSheet.swift in Sources */,
				250FE7D72A03A23600C689CB /* ShoppingCartList.swift in Sources */,
				250FE7C32A0250AD00C689CB /* ShopCategory.swift in Sources */,
				250FE7D52A03993900C689CB /* CartView.swift in Sources */,
				250FE7C72A026C3A00C689CB /* ContentView.swift in Sources */,
				250FE7CC2A027A9500C689CB /* Product.swift in Sources */,
				250FE7CE2A035A0900C689CB /* ProductCard.swift in Sources */,
				250FE7AA2A02486900C689CB /* AFL3POSApp.swift in Sources */,
				250FE7C52A0257F200C689CB /* ShopCard.swift in Sources */,
				250FE7D22A03927500C689CB /* Cart.swift in Sources */,
				250FE7BE2A024DE700C689CB /* Home.swift in Sources */,
				250FE7C12A02502E00C689CB /* Shop.swift in Sources */,
				250FE7B92A024AA700C689CB /* ShopInformation.swift in Sources */,
				250FE7CA2A02715600C689CB /* ShopInfo.swift in Sources */,
			);
			runOnlyForDeploymentPostprocessing = 0;
		};
/* End PBXSourcesBuildPhase section */

/* Begin XCBuildConfiguration section */
		250FE7B22A02486A00C689CB /* Debug */ = {
			isa = XCBuildConfiguration;
			buildSettings = {
				ALWAYS_SEARCH_USER_PATHS = NO;
				CLANG_ANALYZER_NONNULL = YES;
				CLANG_ANALYZER_NUMBER_OBJECT_CONVERSION = YES_AGGRESSIVE;
				CLANG_CXX_LANGUAGE_STANDARD = "gnu++20";
				CLANG_ENABLE_MODULES = YES;
				CLANG_ENABLE_OBJC_ARC = YES;
				CLANG_ENABLE_OBJC_WEAK = YES;
				CLANG_WARN_BLOCK_CAPTURE_AUTORELEASING = YES;
				CLANG_WARN_BOOL_CONVERSION = YES;
				CLANG_WARN_COMMA = YES;
				CLANG_WARN_CONSTANT_CONVERSION = YES;
				CLANG_WARN_DEPRECATED_OBJC_IMPLEMENTATIONS = YES;
				CLANG_WARN_DIRECT_OBJC_ISA_USAGE = YES_ERROR;
				CLANG_WARN_DOCUMENTATION_COMMENTS = YES;
				CLANG_WARN_EMPTY_BODY = YES;
				CLANG_WARN_ENUM_CONVERSION = YES;
				CLANG_WARN_INFINITE_RECURSION = YES;
				CLANG_WARN_INT_CONVERSION = YES;
				CLANG_WARN_NON_LITERAL_NULL_CONVERSION = YES;
				CLANG_WARN_OBJC_IMPLICIT_RETAIN_SELF = YES;
				CLANG_WARN_OBJC_LITERAL_CONVERSION = YES;
				CLANG_WARN_OBJC_ROOT_CLASS = YES_ERROR;
				CLANG_WARN_QUOTED_INCLUDE_IN_FRAMEWORK_HEADER = YES;
				CLANG_WARN_RANGE_LOOP_ANALYSIS = YES;
				CLANG_WARN_STRICT_PROTOTYPES = YES;
				CLANG_WARN_SUSPICIOUS_MOVE = YES;
				CLANG_WARN_UNGUARDED_AVAILABILITY = YES_AGGRESSIVE;
				CLANG_WARN_UNREACHABLE_CODE = YES;
				CLANG_WARN__DUPLICATE_METHOD_MATCH = YES;
				COPY_PHASE_STRIP = NO;
				DEBUG_INFORMATION_FORMAT = dwarf;
				ENABLE_STRICT_OBJC_MSGSEND = YES;
				ENABLE_TESTABILITY = YES;
				GCC_C_LANGUAGE_STANDARD = gnu11;
				GCC_DYNAMIC_NO_PIC = NO;
				GCC_NO_COMMON_BLOCKS = YES;
				GCC_OPTIMIZATION_LEVEL = 0;
				GCC_PREPROCESSOR_DEFINITIONS = (
					"DEBUG=1",
					"$(inherited)",
				);
				GCC_WARN_64_TO_32_BIT_CONVERSION = YES;
				GCC_WARN_ABOUT_RETURN_TYPE = YES_ERROR;
				GCC_WARN_UNDECLARED_SELECTOR = YES;
				GCC_WARN_UNINITIALIZED_AUTOS = YES_AGGRESSIVE;
				GCC_WARN_UNUSED_FUNCTION = YES;
				GCC_WARN_UNUSED_VARIABLE = YES;
				IPHONEOS_DEPLOYMENT_TARGET = 16.4;
				MTL_ENABLE_DEBUG_INFO = INCLUDE_SOURCE;
				MTL_FAST_MATH = YES;
				ONLY_ACTIVE_ARCH = YES;
				SDKROOT = iphoneos;
				SWIFT_ACTIVE_COMPILATION_CONDITIONS = DEBUG;
				SWIFT_OPTIMIZATION_LEVEL = "-Onone";
			};
			name = Debug;
		};
		250FE7B32A02486A00C689CB /* Release */ = {
			isa = XCBuildConfiguration;
			buildSettings = {
				ALWAYS_SEARCH_USER_PATHS = NO;
				CLANG_ANALYZER_NONNULL = YES;
				CLANG_ANALYZER_NUMBER_OBJECT_CONVERSION = YES_AGGRESSIVE;
				CLANG_CXX_LANGUAGE_STANDARD = "gnu++20";
				CLANG_ENABLE_MODULES = YES;
				CLANG_ENABLE_OBJC_ARC = YES;
				CLANG_ENABLE_OBJC_WEAK = YES;
				CLANG_WARN_BLOCK_CAPTURE_AUTORELEASING = YES;
				CLANG_WARN_BOOL_CONVERSION = YES;
				CLANG_WARN_COMMA = YES;
				CLANG_WARN_CONSTANT_CONVERSION = YES;
				CLANG_WARN_DEPRECATED_OBJC_IMPLEMENTATIONS = YES;
				CLANG_WARN_DIRECT_OBJC_ISA_USAGE = YES_ERROR;
				CLANG_WARN_DOCUMENTATION_COMMENTS = YES;
				CLANG_WARN_EMPTY_BODY = YES;
				CLANG_WARN_ENUM_CONVERSION = YES;
				CLANG_WARN_INFINITE_RECURSION = YES;
				CLANG_WARN_INT_CONVERSION = YES;
				CLANG_WARN_NON_LITERAL_NULL_CONVERSION = YES;
				CLANG_WARN_OBJC_IMPLICIT_RETAIN_SELF = YES;
				CLANG_WARN_OBJC_LITERAL_CONVERSION = YES;
				CLANG_WARN_OBJC_ROOT_CLASS = YES_ERROR;
				CLANG_WARN_QUOTED_INCLUDE_IN_FRAMEWORK_HEADER = YES;
				CLANG_WARN_RANGE_LOOP_ANALYSIS = YES;
				CLANG_WARN_STRICT_PROTOTYPES = YES;
				CLANG_WARN_SUSPICIOUS_MOVE = YES;
				CLANG_WARN_UNGUARDED_AVAILABILITY = YES_AGGRESSIVE;
				CLANG_WARN_UNREACHABLE_CODE = YES;
				CLANG_WARN__DUPLICATE_METHOD_MATCH = YES;
				COPY_PHASE_STRIP = NO;
				DEBUG_INFORMATION_FORMAT = "dwarf-with-dsym";
				ENABLE_NS_ASSERTIONS = NO;
				ENABLE_STRICT_OBJC_MSGSEND = YES;
				GCC_C_LANGUAGE_STANDARD = gnu11;
				GCC_NO_COMMON_BLOCKS = YES;
				GCC_WARN_64_TO_32_BIT_CONVERSION = YES;
				GCC_WARN_ABOUT_RETURN_TYPE = YES_ERROR;
				GCC_WARN_UNDECLARED_SELECTOR = YES;
				GCC_WARN_UNINITIALIZED_AUTOS = YES_AGGRESSIVE;
				GCC_WARN_UNUSED_FUNCTION = YES;
				GCC_WARN_UNUSED_VARIABLE = YES;
				IPHONEOS_DEPLOYMENT_TARGET = 16.4;
				MTL_ENABLE_DEBUG_INFO = NO;
				MTL_FAST_MATH = YES;
				SDKROOT = iphoneos;
				SWIFT_COMPILATION_MODE = wholemodule;
				SWIFT_OPTIMIZATION_LEVEL = "-O";
				VALIDATE_PRODUCT = YES;
			};
			name = Release;
		};
		250FE7B52A02486A00C689CB /* Debug */ = {
			isa = XCBuildConfiguration;
			buildSettings = {
				ASSETCATALOG_COMPILER_APPICON_NAME = AppIcon;
				ASSETCATALOG_COMPILER_GLOBAL_ACCENT_COLOR_NAME = AccentColor;
				CODE_SIGN_STYLE = Automatic;
				CURRENT_PROJECT_VERSION = 1;
				DEVELOPMENT_ASSET_PATHS = "\"AFL3POS/Preview Content\"";
				DEVELOPMENT_TEAM = QH9X33Y55J;
				ENABLE_PREVIEWS = YES;
				GENERATE_INFOPLIST_FILE = YES;
				INFOPLIST_KEY_UIApplicationSceneManifest_Generation = YES;
				INFOPLIST_KEY_UIApplicationSupportsIndirectInputEvents = YES;
				INFOPLIST_KEY_UILaunchScreen_Generation = YES;
				INFOPLIST_KEY_UISupportedInterfaceOrientations_iPad = "UIInterfaceOrientationPortrait UIInterfaceOrientationPortraitUpsideDown UIInterfaceOrientationLandscapeLeft UIInterfaceOrientationLandscapeRight";
				INFOPLIST_KEY_UISupportedInterfaceOrientations_iPhone = "UIInterfaceOrientationPortrait UIInterfaceOrientationLandscapeLeft UIInterfaceOrientationLandscapeRight";
				LD_RUNPATH_SEARCH_PATHS = (
					"$(inherited)",
					"@executable_path/Frameworks",
				);
				MARKETING_VERSION = 1.0;
				PRODUCT_BUNDLE_IDENTIFIER = dev.ramaadi.AFL3POS;
				PRODUCT_NAME = "$(TARGET_NAME)";
				SWIFT_EMIT_LOC_STRINGS = YES;
				SWIFT_VERSION = 5.0;
				TARGETED_DEVICE_FAMILY = "1,2";
			};
			name = Debug;
		};
		250FE7B62A02486A00C689CB /* Release */ = {
			isa = XCBuildConfiguration;
			buildSettings = {
				ASSETCATALOG_COMPILER_APPICON_NAME = AppIcon;
				ASSETCATALOG_COMPILER_GLOBAL_ACCENT_COLOR_NAME = AccentColor;
				CODE_SIGN_STYLE = Automatic;
				CURRENT_PROJECT_VERSION = 1;
				DEVELOPMENT_ASSET_PATHS = "\"AFL3POS/Preview Content\"";
				DEVELOPMENT_TEAM = QH9X33Y55J;
				ENABLE_PREVIEWS = YES;
				GENERATE_INFOPLIST_FILE = YES;
				INFOPLIST_KEY_UIApplicationSceneManifest_Generation = YES;
				INFOPLIST_KEY_UIApplicationSupportsIndirectInputEvents = YES;
				INFOPLIST_KEY_UILaunchScreen_Generation = YES;
				INFOPLIST_KEY_UISupportedInterfaceOrientations_iPad = "UIInterfaceOrientationPortrait UIInterfaceOrientationPortraitUpsideDown UIInterfaceOrientationLandscapeLeft UIInterfaceOrientationLandscapeRight";
				INFOPLIST_KEY_UISupportedInterfaceOrientations_iPhone = "UIInterfaceOrientationPortrait UIInterfaceOrientationLandscapeLeft UIInterfaceOrientationLandscapeRight";
				LD_RUNPATH_SEARCH_PATHS = (
					"$(inherited)",
					"@executable_path/Frameworks",
				);
				MARKETING_VERSION = 1.0;
				PRODUCT_BUNDLE_IDENTIFIER = dev.ramaadi.AFL3POS;
				PRODUCT_NAME = "$(TARGET_NAME)";
				SWIFT_EMIT_LOC_STRINGS = YES;
				SWIFT_VERSION = 5.0;
				TARGETED_DEVICE_FAMILY = "1,2";
			};
			name = Release;
		};
/* End XCBuildConfiguration section */

/* Begin XCConfigurationList section */
		250FE7A12A02486900C689CB /* Build configuration list for PBXProject "AFL3POS" */ = {
			isa = XCConfigurationList;
			buildConfigurations = (
				250FE7B22A02486A00C689CB /* Debug */,
				250FE7B32A02486A00C689CB /* Release */,
			);
			defaultConfigurationIsVisible = 0;
			defaultConfigurationName = Release;
		};
		250FE7B42A02486A00C689CB /* Build configuration list for PBXNativeTarget "AFL3POS" */ = {
			isa = XCConfigurationList;
			buildConfigurations = (
				250FE7B52A02486A00C689CB /* Debug */,
				250FE7B62A02486A00C689CB /* Release */,
			);
			defaultConfigurationIsVisible = 0;
			defaultConfigurationName = Release;
		};
/* End XCConfigurationList section */
	};
	rootObject = 250FE79E2A02486900C689CB /* Project object */;
}
